
Microsoft Visual Studio Solution File, Format Version 12.00
# Visual Studio 2012
Project("{F184B08F-C81C-45F6-A57F-5ABD9991F28F}") = "MaterialColor", "MaterialColor\MaterialColor.vbproj", "{32DC60A5-BB45-4610-AF55-73776737714E}"
EndProject
Global
	GlobalSection(SolutionConfigurationPlatforms) = preSolution
		Debug|Any CPU = Debug|Any CPU
		Release|Any CPU = Release|Any CPU
	EndGlobalSection
	GlobalSection(ProjectConfigurationPlatforms) = postSolution
		{32DC60A5-BB45-4610-AF55-73776737714E}.Debug|Any CPU.ActiveCfg = Debug|Any CPU
		{32DC60A5-BB45-4610-AF55-73776737714E}.Debug|Any CPU.Build.0 = Debug|Any CPU
		{32DC60A5-BB45-4610-AF55-73776737714E}.Release|Any CPU.ActiveCfg = Release|Any CPU
		{32DC60A5-BB45-4610-AF55-73776737714E}.Release|Any CPU.Build.0 = Release|Any CPU
	EndGlobalSection
	GlobalSection(SolutionProperties) = preSolution
		HideSolutionNode = FALSE
	EndGlobalSection
EndGlobal
